
Microsoft Visual Studio Solution File, Format Version 12.00
# Visual Studio Version 17
VisualStudioVersion = 17.5.002.0
MinimumVisualStudioVersion = 10.0.40219.1
Project("{9A19103F-16F7-4668-BE54-9A1E7A4F7556}") = "Frais", "Frais.csproj", "{91B268AC-BE3B-4C53-B8DA-90D4BA568DBF}"
EndProject
Global
	GlobalSection(SolutionConfigurationPlatforms) = preSolution
		Debug|Any CPU = Debug|Any CPU
		Release|Any CPU = Release|Any CPU
	EndGlobalSection
	GlobalSection(ProjectConfigurationPlatforms) = postSolution
		{91B268AC-BE3B-4C53-B8DA-90D4BA568DBF}.Debug|Any CPU.ActiveCfg = Debug|Any CPU
		{91B268AC-BE3B-4C53-B8DA-90D4BA568DBF}.Debug|Any CPU.Build.0 = Debug|Any CPU
		{91B268AC-BE3B-4C53-B8DA-90D4BA568DBF}.Release|Any CPU.ActiveCfg = Release|Any CPU
		{91B268AC-BE3B-4C53-B8DA-90D4BA568DBF}.Release|Any CPU.Build.0 = Release|Any CPU
	EndGlobalSection
	GlobalSection(SolutionProperties) = preSolution
		HideSolutionNode = FALSE
	EndGlobalSection
	GlobalSection(ExtensibilityGlobals) = postSolution
		SolutionGuid = {0B5593FD-DB02-434A-9FF4-63EA6F1F6ABF}
	EndGlobalSection
EndGlobal
